// !$*UTF8*$!
{
	archiveVersion = 1;
	classes = {
	};
	objectVersion = 46;
	objects = {

/* Begin PBXBuildFile section */
		E6BA12171C6FFA520075F98D /* AppDelegate.swift in Sources */ = {isa = PBXBuildFile; fileRef = E6BA12161C6FFA520075F98D /* AppDelegate.swift */; };
		E6BA12191C6FFA520075F98D /* CKCameraViewController.swift in Sources */ = {isa = PBXBuildFile; fileRef = E6BA12181C6FFA520075F98D /* CKCameraViewController.swift */; };
		E6BA121C1C6FFA520075F98D /* Main.storyboard in Resources */ = {isa = PBXBuildFile; fileRef = E6BA121A1C6FFA520075F98D /* Main.storyboard */; };
		E6BA121E1C6FFA520075F98D /* Assets.xcassets in Resources */ = {isa = PBXBuildFile; fileRef = E6BA121D1C6FFA520075F98D /* Assets.xcassets */; };
		E6BA12211C6FFA520075F98D /* LaunchScreen.storyboard in Resources */ = {isa = PBXBuildFile; fileRef = E6BA121F1C6FFA520075F98D /* LaunchScreen.storyboard */; };
		E6BA122C1C6FFA520075F98D /* CakeTests.swift in Sources */ = {isa = PBXBuildFile; fileRef = E6BA122B1C6FFA520075F98D /* CakeTests.swift */; };
		E6BA12371C6FFA520075F98D /* CakeUITests.swift in Sources */ = {isa = PBXBuildFile; fileRef = E6BA12361C6FFA520075F98D /* CakeUITests.swift */; };
		E6BA12451C6FFD0E0075F98D /* Constants.swift in Sources */ = {isa = PBXBuildFile; fileRef = E6BA12441C6FFD0E0075F98D /* Constants.swift */; };
		E6BA124E1C6FFD440075F98D /* KeyboardViewController.swift in Sources */ = {isa = PBXBuildFile; fileRef = E6BA124D1C6FFD440075F98D /* KeyboardViewController.swift */; };
		E6BA12521C6FFD440075F98D /* CakeKeyboard.appex in Embed App Extensions */ = {isa = PBXBuildFile; fileRef = E6BA124B1C6FFD440075F98D /* CakeKeyboard.appex */; settings = {ATTRIBUTES = (RemoveHeadersOnCopy, ); }; };
		E6BA12581C6FFE1E0075F98D /* CKGifCameraController.swift in Sources */ = {isa = PBXBuildFile; fileRef = E6BA12571C6FFE1E0075F98D /* CKGifCameraController.swift */; };
		E6BA125A1C6FFE7D0075F98D /* CKPreviewView.swift in Sources */ = {isa = PBXBuildFile; fileRef = E6BA12591C6FFE7D0075F98D /* CKPreviewView.swift */; };
		E6BA125D1C7003710075F98D /* CKGifsViewController.swift in Sources */ = {isa = PBXBuildFile; fileRef = E6BA125C1C7003710075F98D /* CKGifsViewController.swift */; };
		E6BA12601C7007720075F98D /* CKRecordGestureRecognizer.swift in Sources */ = {isa = PBXBuildFile; fileRef = E6BA125F1C7007720075F98D /* CKRecordGestureRecognizer.swift */; };
/* End PBXBuildFile section */

/* Begin PBXContainerItemProxy section */
		E6BA12281C6FFA520075F98D /* PBXContainerItemProxy */ = {
			isa = PBXContainerItemProxy;
			containerPortal = E6BA120B1C6FFA520075F98D /* Project object */;
			proxyType = 1;
			remoteGlobalIDString = E6BA12121C6FFA520075F98D;
			remoteInfo = Cake;
		};
		E6BA12331C6FFA520075F98D /* PBXContainerItemProxy */ = {
			isa = PBXContainerItemProxy;
			containerPortal = E6BA120B1C6FFA520075F98D /* Project object */;
			proxyType = 1;
			remoteGlobalIDString = E6BA12121C6FFA520075F98D;
			remoteInfo = Cake;
		};
		E6BA12501C6FFD440075F98D /* PBXContainerItemProxy */ = {
			isa = PBXContainerItemProxy;
			containerPortal = E6BA120B1C6FFA520075F98D /* Project object */;
			proxyType = 1;
			remoteGlobalIDString = E6BA124A1C6FFD440075F98D;
			remoteInfo = CakeKeyboard;
		};
/* End PBXContainerItemProxy section */

/* Begin PBXCopyFilesBuildPhase section */
		E6BA12561C6FFD440075F98D /* Embed App Extensions */ = {
			isa = PBXCopyFilesBuildPhase;
			buildActionMask = 2147483647;
			dstPath = "";
			dstSubfolderSpec = 13;
			files = (
				E6BA12521C6FFD440075F98D /* CakeKeyboard.appex in Embed App Extensions */,
			);
			name = "Embed App Extensions";
			runOnlyForDeploymentPostprocessing = 0;
		};
/* End PBXCopyFilesBuildPhase section */

/* Begin PBXFileReference section */
		E6BA12131C6FFA520075F98D /* Cake.app */ = {isa = PBXFileReference; explicitFileType = wrapper.application; includeInIndex = 0; path = Cake.app; sourceTree = BUILT_PRODUCTS_DIR; };
		E6BA12161C6FFA520075F98D /* AppDelegate.swift */ = {isa = PBXFileReference; lastKnownFileType = sourcecode.swift; path = AppDelegate.swift; sourceTree = "<group>"; };
		E6BA12181C6FFA520075F98D /* CKCameraViewController.swift */ = {isa = PBXFileReference; lastKnownFileType = sourcecode.swift; path = CKCameraViewController.swift; sourceTree = "<group>"; };
		E6BA121B1C6FFA520075F98D /* Base */ = {isa = PBXFileReference; lastKnownFileType = file.storyboard; name = Base; path = Base.lproj/Main.storyboard; sourceTree = "<group>"; };
		E6BA121D1C6FFA520075F98D /* Assets.xcassets */ = {isa = PBXFileReference; lastKnownFileType = folder.assetcatalog; path = Assets.xcassets; sourceTree = "<group>"; };
		E6BA12201C6FFA520075F98D /* Base */ = {isa = PBXFileReference; lastKnownFileType = file.storyboard; name = Base; path = Base.lproj/LaunchScreen.storyboard; sourceTree = "<group>"; };
		E6BA12221C6FFA520075F98D /* Info.plist */ = {isa = PBXFileReference; lastKnownFileType = text.plist.xml; path = Info.plist; sourceTree = "<group>"; };
		E6BA12271C6FFA520075F98D /* CakeTests.xctest */ = {isa = PBXFileReference; explicitFileType = wrapper.cfbundle; includeInIndex = 0; path = CakeTests.xctest; sourceTree = BUILT_PRODUCTS_DIR; };
		E6BA122B1C6FFA520075F98D /* CakeTests.swift */ = {isa = PBXFileReference; lastKnownFileType = sourcecode.swift; path = CakeTests.swift; sourceTree = "<group>"; };
		E6BA122D1C6FFA520075F98D /* Info.plist */ = {isa = PBXFileReference; lastKnownFileType = text.plist.xml; path = Info.plist; sourceTree = "<group>"; };
		E6BA12321C6FFA520075F98D /* CakeUITests.xctest */ = {isa = PBXFileReference; explicitFileType = wrapper.cfbundle; includeInIndex = 0; path = CakeUITests.xctest; sourceTree = BUILT_PRODUCTS_DIR; };
		E6BA12361C6FFA520075F98D /* CakeUITests.swift */ = {isa = PBXFileReference; lastKnownFileType = sourcecode.swift; path = CakeUITests.swift; sourceTree = "<group>"; };
		E6BA12381C6FFA520075F98D /* Info.plist */ = {isa = PBXFileReference; lastKnownFileType = text.plist.xml; path = Info.plist; sourceTree = "<group>"; };
		E6BA12441C6FFD0E0075F98D /* Constants.swift */ = {isa = PBXFileReference; fileEncoding = 4; lastKnownFileType = sourcecode.swift; path = Constants.swift; sourceTree = "<group>"; };
		E6BA12461C6FFD310075F98D /* Cake.entitlements */ = {isa = PBXFileReference; lastKnownFileType = text.xml; path = Cake.entitlements; sourceTree = "<group>"; };
		E6BA124B1C6FFD440075F98D /* CakeKeyboard.appex */ = {isa = PBXFileReference; explicitFileType = "wrapper.app-extension"; includeInIndex = 0; path = CakeKeyboard.appex; sourceTree = BUILT_PRODUCTS_DIR; };
		E6BA124D1C6FFD440075F98D /* KeyboardViewController.swift */ = {isa = PBXFileReference; lastKnownFileType = sourcecode.swift; path = KeyboardViewController.swift; sourceTree = "<group>"; };
		E6BA124F1C6FFD440075F98D /* Info.plist */ = {isa = PBXFileReference; lastKnownFileType = text.plist.xml; path = Info.plist; sourceTree = "<group>"; };
		E6BA12571C6FFE1E0075F98D /* CKGifCameraController.swift */ = {isa = PBXFileReference; fileEncoding = 4; lastKnownFileType = sourcecode.swift; path = CKGifCameraController.swift; sourceTree = "<group>"; };
		E6BA12591C6FFE7D0075F98D /* CKPreviewView.swift */ = {isa = PBXFileReference; fileEncoding = 4; lastKnownFileType = sourcecode.swift; path = CKPreviewView.swift; sourceTree = "<group>"; };
		E6BA125C1C7003710075F98D /* CKGifsViewController.swift */ = {isa = PBXFileReference; fileEncoding = 4; lastKnownFileType = sourcecode.swift; path = CKGifsViewController.swift; sourceTree = "<group>"; };
		E6BA125F1C7007720075F98D /* CKRecordGestureRecognizer.swift */ = {isa = PBXFileReference; fileEncoding = 4; lastKnownFileType = sourcecode.swift; path = CKRecordGestureRecognizer.swift; sourceTree = "<group>"; };
/* End PBXFileReference section */

/* Begin PBXFrameworksBuildPhase section */
		E6BA12101C6FFA520075F98D /* Frameworks */ = {
			isa = PBXFrameworksBuildPhase;
			buildActionMask = 2147483647;
			files = (
			);
			runOnlyForDeploymentPostprocessing = 0;
		};
		E6BA12241C6FFA520075F98D /* Frameworks */ = {
			isa = PBXFrameworksBuildPhase;
			buildActionMask = 2147483647;
			files = (
			);
			runOnlyForDeploymentPostprocessing = 0;
		};
		E6BA122F1C6FFA520075F98D /* Frameworks */ = {
			isa = PBXFrameworksBuildPhase;
			buildActionMask = 2147483647;
			files = (
			);
			runOnlyForDeploymentPostprocessing = 0;
		};
		E6BA12481C6FFD440075F98D /* Frameworks */ = {
			isa = PBXFrameworksBuildPhase;
			buildActionMask = 2147483647;
			files = (
			);
			runOnlyForDeploymentPostprocessing = 0;
		};
/* End PBXFrameworksBuildPhase section */

/* Begin PBXGroup section */
		E6BA120A1C6FFA520075F98D = {
			isa = PBXGroup;
			children = (
				E6BA12151C6FFA520075F98D /* Cake */,
				E6BA124C1C6FFD440075F98D /* CakeKeyboard */,
				E6BA122A1C6FFA520075F98D /* CakeTests */,
				E6BA12351C6FFA520075F98D /* CakeUITests */,
				E6BA12141C6FFA520075F98D /* Products */,
			);
			sourceTree = "<group>";
		};
		E6BA12141C6FFA520075F98D /* Products */ = {
			isa = PBXGroup;
			children = (
				E6BA12131C6FFA520075F98D /* Cake.app */,
				E6BA12271C6FFA520075F98D /* CakeTests.xctest */,
				E6BA12321C6FFA520075F98D /* CakeUITests.xctest */,
				E6BA124B1C6FFD440075F98D /* CakeKeyboard.appex */,
			);
			name = Products;
			sourceTree = "<group>";
		};
		E6BA12151C6FFA520075F98D /* Cake */ = {
			isa = PBXGroup;
			children = (
				E6BA12461C6FFD310075F98D /* Cake.entitlements */,
				E6BA12161C6FFA520075F98D /* AppDelegate.swift */,
				E6BA12441C6FFD0E0075F98D /* Constants.swift */,
				E6BA125B1C7003570075F98D /* Camera */,
				E6BA125E1C7003760075F98D /* Gifs */,
				E6BA121A1C6FFA520075F98D /* Main.storyboard */,
				E6BA121D1C6FFA520075F98D /* Assets.xcassets */,
				E6BA121F1C6FFA520075F98D /* LaunchScreen.storyboard */,
				E6BA12221C6FFA520075F98D /* Info.plist */,
			);
			path = Cake;
			sourceTree = "<group>";
		};
		E6BA122A1C6FFA520075F98D /* CakeTests */ = {
			isa = PBXGroup;
			children = (
				E6BA122B1C6FFA520075F98D /* CakeTests.swift */,
				E6BA122D1C6FFA520075F98D /* Info.plist */,
			);
			path = CakeTests;
			sourceTree = "<group>";
		};
		E6BA12351C6FFA520075F98D /* CakeUITests */ = {
			isa = PBXGroup;
			children = (
				E6BA12361C6FFA520075F98D /* CakeUITests.swift */,
				E6BA12381C6FFA520075F98D /* Info.plist */,
			);
			path = CakeUITests;
			sourceTree = "<group>";
		};
		E6BA124C1C6FFD440075F98D /* CakeKeyboard */ = {
			isa = PBXGroup;
			children = (
				E6BA124D1C6FFD440075F98D /* KeyboardViewController.swift */,
				E6BA124F1C6FFD440075F98D /* Info.plist */,
			);
			path = CakeKeyboard;
			sourceTree = "<group>";
		};
		E6BA125B1C7003570075F98D /* Camera */ = {
			isa = PBXGroup;
			children = (
				E6BA12181C6FFA520075F98D /* CKCameraViewController.swift */,
				E6BA12571C6FFE1E0075F98D /* CKGifCameraController.swift */,
				E6BA12591C6FFE7D0075F98D /* CKPreviewView.swift */,
				E6BA125F1C7007720075F98D /* CKRecordGestureRecognizer.swift */,
			);
			name = Camera;
			sourceTree = "<group>";
		};
		E6BA125E1C7003760075F98D /* Gifs */ = {
			isa = PBXGroup;
			children = (
				E6BA125C1C7003710075F98D /* CKGifsViewController.swift */,
			);
			name = Gifs;
			sourceTree = "<group>";
		};
/* End PBXGroup section */

/* Begin PBXNativeTarget section */
		E6BA12121C6FFA520075F98D /* Cake */ = {
			isa = PBXNativeTarget;
			buildConfigurationList = E6BA123B1C6FFA520075F98D /* Build configuration list for PBXNativeTarget "Cake" */;
			buildPhases = (
				E6BA120F1C6FFA520075F98D /* Sources */,
				E6BA12101C6FFA520075F98D /* Frameworks */,
				E6BA12111C6FFA520075F98D /* Resources */,
				E6BA12561C6FFD440075F98D /* Embed App Extensions */,
			);
			buildRules = (
			);
			dependencies = (
				E6BA12511C6FFD440075F98D /* PBXTargetDependency */,
			);
			name = Cake;
			productName = Cake;
			productReference = E6BA12131C6FFA520075F98D /* Cake.app */;
			productType = "com.apple.product-type.application";
		};
		E6BA12261C6FFA520075F98D /* CakeTests */ = {
			isa = PBXNativeTarget;
			buildConfigurationList = E6BA123E1C6FFA520075F98D /* Build configuration list for PBXNativeTarget "CakeTests" */;
			buildPhases = (
				E6BA12231C6FFA520075F98D /* Sources */,
				E6BA12241C6FFA520075F98D /* Frameworks */,
				E6BA12251C6FFA520075F98D /* Resources */,
			);
			buildRules = (
			);
			dependencies = (
				E6BA12291C6FFA520075F98D /* PBXTargetDependency */,
			);
			name = CakeTests;
			productName = CakeTests;
			productReference = E6BA12271C6FFA520075F98D /* CakeTests.xctest */;
			productType = "com.apple.product-type.bundle.unit-test";
		};
		E6BA12311C6FFA520075F98D /* CakeUITests */ = {
			isa = PBXNativeTarget;
			buildConfigurationList = E6BA12411C6FFA520075F98D /* Build configuration list for PBXNativeTarget "CakeUITests" */;
			buildPhases = (
				E6BA122E1C6FFA520075F98D /* Sources */,
				E6BA122F1C6FFA520075F98D /* Frameworks */,
				E6BA12301C6FFA520075F98D /* Resources */,
			);
			buildRules = (
			);
			dependencies = (
				E6BA12341C6FFA520075F98D /* PBXTargetDependency */,
			);
			name = CakeUITests;
			productName = CakeUITests;
			productReference = E6BA12321C6FFA520075F98D /* CakeUITests.xctest */;
			productType = "com.apple.product-type.bundle.ui-testing";
		};
		E6BA124A1C6FFD440075F98D /* CakeKeyboard */ = {
			isa = PBXNativeTarget;
			buildConfigurationList = E6BA12531C6FFD440075F98D /* Build configuration list for PBXNativeTarget "CakeKeyboard" */;
			buildPhases = (
				E6BA12471C6FFD440075F98D /* Sources */,
				E6BA12481C6FFD440075F98D /* Frameworks */,
				E6BA12491C6FFD440075F98D /* Resources */,
			);
			buildRules = (
			);
			dependencies = (
			);
			name = CakeKeyboard;
			productName = CakeKeyboard;
			productReference = E6BA124B1C6FFD440075F98D /* CakeKeyboard.appex */;
			productType = "com.apple.product-type.app-extension";
		};
/* End PBXNativeTarget section */

/* Begin PBXProject section */
		E6BA120B1C6FFA520075F98D /* Project object */ = {
			isa = PBXProject;
			attributes = {
				LastSwiftUpdateCheck = 0720;
				LastUpgradeCheck = 0720;
				ORGANIZATIONNAME = CakeGifs;
				TargetAttributes = {
					E6BA12121C6FFA520075F98D = {
						CreatedOnToolsVersion = 7.2;
						DevelopmentTeam = 4Q46H2YFBV;
						SystemCapabilities = {
							com.apple.ApplicationGroups.iOS = {
								enabled = 1;
							};
						};
					};
					E6BA12261C6FFA520075F98D = {
						CreatedOnToolsVersion = 7.2;
						TestTargetID = E6BA12121C6FFA520075F98D;
					};
					E6BA12311C6FFA520075F98D = {
						CreatedOnToolsVersion = 7.2;
						TestTargetID = E6BA12121C6FFA520075F98D;
					};
					E6BA124A1C6FFD440075F98D = {
						CreatedOnToolsVersion = 7.2;
						DevelopmentTeam = 4Q46H2YFBV;
					};
				};
			};
			buildConfigurationList = E6BA120E1C6FFA520075F98D /* Build configuration list for PBXProject "Cake" */;
			compatibilityVersion = "Xcode 3.2";
			developmentRegion = English;
			hasScannedForEncodings = 0;
			knownRegions = (
				en,
				Base,
			);
			mainGroup = E6BA120A1C6FFA520075F98D;
			productRefGroup = E6BA12141C6FFA520075F98D /* Products */;
			projectDirPath = "";
			projectRoot = "";
			targets = (
				E6BA12121C6FFA520075F98D /* Cake */,
				E6BA12261C6FFA520075F98D /* CakeTests */,
				E6BA12311C6FFA520075F98D /* CakeUITests */,
				E6BA124A1C6FFD440075F98D /* CakeKeyboard */,
			);
		};
/* End PBXProject section */

/* Begin PBXResourcesBuildPhase section */
		E6BA12111C6FFA520075F98D /* Resources */ = {
			isa = PBXResourcesBuildPhase;
			buildActionMask = 2147483647;
			files = (
				E6BA12211C6FFA520075F98D /* LaunchScreen.storyboard in Resources */,
				E6BA121E1C6FFA520075F98D /* Assets.xcassets in Resources */,
				E6BA121C1C6FFA520075F98D /* Main.storyboard in Resources */,
			);
			runOnlyForDeploymentPostprocessing = 0;
		};
		E6BA12251C6FFA520075F98D /* Resources */ = {
			isa = PBXResourcesBuildPhase;
			buildActionMask = 2147483647;
			files = (
			);
			runOnlyForDeploymentPostprocessing = 0;
		};
		E6BA12301C6FFA520075F98D /* Resources */ = {
			isa = PBXResourcesBuildPhase;
			buildActionMask = 2147483647;
			files = (
			);
			runOnlyForDeploymentPostprocessing = 0;
		};
		E6BA12491C6FFD440075F98D /* Resources */ = {
			isa = PBXResourcesBuildPhase;
			buildActionMask = 2147483647;
			files = (
			);
			runOnlyForDeploymentPostprocessing = 0;
		};
/* End PBXResourcesBuildPhase section */

/* Begin PBXSourcesBuildPhase section */
		E6BA120F1C6FFA520075F98D /* Sources */ = {
			isa = PBXSourcesBuildPhase;
			buildActionMask = 2147483647;
			files = (
				E6BA12191C6FFA520075F98D /* CKCameraViewController.swift in Sources */,
				E6BA12171C6FFA520075F98D /* AppDelegate.swift in Sources */,
				E6BA12451C6FFD0E0075F98D /* Constants.swift in Sources */,
				E6BA125A1C6FFE7D0075F98D /* CKPreviewView.swift in Sources */,
				E6BA12581C6FFE1E0075F98D /* CKGifCameraController.swift in Sources */,
				E6BA12601C7007720075F98D /* CKRecordGestureRecognizer.swift in Sources */,
				E6BA125D1C7003710075F98D /* CKGifsViewController.swift in Sources */,
			);
			runOnlyForDeploymentPostprocessing = 0;
		};
		E6BA12231C6FFA520075F98D /* Sources */ = {
			isa = PBXSourcesBuildPhase;
			buildActionMask = 2147483647;
			files = (
				E6BA122C1C6FFA520075F98D /* CakeTests.swift in Sources */,
			);
			runOnlyForDeploymentPostprocessing = 0;
		};
		E6BA122E1C6FFA520075F98D /* Sources */ = {
			isa = PBXSourcesBuildPhase;
			buildActionMask = 2147483647;
			files = (
				E6BA12371C6FFA520075F98D /* CakeUITests.swift in Sources */,
			);
			runOnlyForDeploymentPostprocessing = 0;
		};
		E6BA12471C6FFD440075F98D /* Sources */ = {
			isa = PBXSourcesBuildPhase;
			buildActionMask = 2147483647;
			files = (
				E6BA124E1C6FFD440075F98D /* KeyboardViewController.swift in Sources */,
			);
			runOnlyForDeploymentPostprocessing = 0;
		};
/* End PBXSourcesBuildPhase section */

/* Begin PBXTargetDependency section */
		E6BA12291C6FFA520075F98D /* PBXTargetDependency */ = {
			isa = PBXTargetDependency;
			target = E6BA12121C6FFA520075F98D /* Cake */;
			targetProxy = E6BA12281C6FFA520075F98D /* PBXContainerItemProxy */;
		};
		E6BA12341C6FFA520075F98D /* PBXTargetDependency */ = {
			isa = PBXTargetDependency;
			target = E6BA12121C6FFA520075F98D /* Cake */;
			targetProxy = E6BA12331C6FFA520075F98D /* PBXContainerItemProxy */;
		};
		E6BA12511C6FFD440075F98D /* PBXTargetDependency */ = {
			isa = PBXTargetDependency;
			target = E6BA124A1C6FFD440075F98D /* CakeKeyboard */;
			targetProxy = E6BA12501C6FFD440075F98D /* PBXContainerItemProxy */;
		};
/* End PBXTargetDependency section */

/* Begin PBXVariantGroup section */
		E6BA121A1C6FFA520075F98D /* Main.storyboard */ = {
			isa = PBXVariantGroup;
			children = (
				E6BA121B1C6FFA520075F98D /* Base */,
			);
			name = Main.storyboard;
			sourceTree = "<group>";
		};
		E6BA121F1C6FFA520075F98D /* LaunchScreen.storyboard */ = {
			isa = PBXVariantGroup;
			children = (
				E6BA12201C6FFA520075F98D /* Base */,
			);
			name = LaunchScreen.storyboard;
			sourceTree = "<group>";
		};
/* End PBXVariantGroup section */

/* Begin XCBuildConfiguration section */
		E6BA12391C6FFA520075F98D /* Debug */ = {
			isa = XCBuildConfiguration;
			buildSettings = {
				ALWAYS_SEARCH_USER_PATHS = NO;
				CLANG_CXX_LANGUAGE_STANDARD = "gnu++0x";
				CLANG_CXX_LIBRARY = "libc++";
				CLANG_ENABLE_MODULES = YES;
				CLANG_ENABLE_OBJC_ARC = YES;
				CLANG_WARN_BOOL_CONVERSION = YES;
				CLANG_WARN_CONSTANT_CONVERSION = YES;
				CLANG_WARN_DIRECT_OBJC_ISA_USAGE = YES_ERROR;
				CLANG_WARN_EMPTY_BODY = YES;
				CLANG_WARN_ENUM_CONVERSION = YES;
				CLANG_WARN_INT_CONVERSION = YES;
				CLANG_WARN_OBJC_ROOT_CLASS = YES_ERROR;
				CLANG_WARN_UNREACHABLE_CODE = YES;
				CLANG_WARN__DUPLICATE_METHOD_MATCH = YES;
				"CODE_SIGN_IDENTITY[sdk=iphoneos*]" = "iPhone Developer";
				COPY_PHASE_STRIP = NO;
				DEBUG_INFORMATION_FORMAT = dwarf;
				ENABLE_STRICT_OBJC_MSGSEND = YES;
				ENABLE_TESTABILITY = YES;
				GCC_C_LANGUAGE_STANDARD = gnu99;
				GCC_DYNAMIC_NO_PIC = NO;
				GCC_NO_COMMON_BLOCKS = YES;
				GCC_OPTIMIZATION_LEVEL = 0;
				GCC_PREPROCESSOR_DEFINITIONS = (
					"DEBUG=1",
					"$(inherited)",
				);
				GCC_WARN_64_TO_32_BIT_CONVERSION = YES;
				GCC_WARN_ABOUT_RETURN_TYPE = YES_ERROR;
				GCC_WARN_UNDECLARED_SELECTOR = YES;
				GCC_WARN_UNINITIALIZED_AUTOS = YES_AGGRESSIVE;
				GCC_WARN_UNUSED_FUNCTION = YES;
				GCC_WARN_UNUSED_VARIABLE = YES;
				IPHONEOS_DEPLOYMENT_TARGET = 9.2;
				MTL_ENABLE_DEBUG_INFO = YES;
				ONLY_ACTIVE_ARCH = YES;
				SDKROOT = iphoneos;
				SWIFT_OPTIMIZATION_LEVEL = "-Onone";
				TARGETED_DEVICE_FAMILY = "1,2";
			};
			name = Debug;
		};
		E6BA123A1C6FFA520075F98D /* Release */ = {
			isa = XCBuildConfiguration;
			buildSettings = {
				ALWAYS_SEARCH_USER_PATHS = NO;
				CLANG_CXX_LANGUAGE_STANDARD = "gnu++0x";
				CLANG_CXX_LIBRARY = "libc++";
				CLANG_ENABLE_MODULES = YES;
				CLANG_ENABLE_OBJC_ARC = YES;
				CLANG_WARN_BOOL_CONVERSION = YES;
				CLANG_WARN_CONSTANT_CONVERSION = YES;
				CLANG_WARN_DIRECT_OBJC_ISA_USAGE = YES_ERROR;
				CLANG_WARN_EMPTY_BODY = YES;
				CLANG_WARN_ENUM_CONVERSION = YES;
				CLANG_WARN_INT_CONVERSION = YES;
				CLANG_WARN_OBJC_ROOT_CLASS = YES_ERROR;
				CLANG_WARN_UNREACHABLE_CODE = YES;
				CLANG_WARN__DUPLICATE_METHOD_MATCH = YES;
				"CODE_SIGN_IDENTITY[sdk=iphoneos*]" = "iPhone Developer";
				COPY_PHASE_STRIP = NO;
				DEBUG_INFORMATION_FORMAT = "dwarf-with-dsym";
				ENABLE_NS_ASSERTIONS = NO;
				ENABLE_STRICT_OBJC_MSGSEND = YES;
				GCC_C_LANGUAGE_STANDARD = gnu99;
				GCC_NO_COMMON_BLOCKS = YES;
				GCC_WARN_64_TO_32_BIT_CONVERSION = YES;
				GCC_WARN_ABOUT_RETURN_TYPE = YES_ERROR;
				GCC_WARN_UNDECLARED_SELECTOR = YES;
				GCC_WARN_UNINITIALIZED_AUTOS = YES_AGGRESSIVE;
				GCC_WARN_UNUSED_FUNCTION = YES;
				GCC_WARN_UNUSED_VARIABLE = YES;
				IPHONEOS_DEPLOYMENT_TARGET = 9.2;
				MTL_ENABLE_DEBUG_INFO = NO;
				SDKROOT = iphoneos;
				TARGETED_DEVICE_FAMILY = "1,2";
				VALIDATE_PRODUCT = YES;
			};
			name = Release;
		};
		E6BA123C1C6FFA520075F98D /* Debug */ = {
			isa = XCBuildConfiguration;
			buildSettings = {
				ASSETCATALOG_COMPILER_APPICON_NAME = AppIcon;
				CODE_SIGN_ENTITLEMENTS = Cake/Cake.entitlements;
				EMBEDDED_CONTENT_CONTAINS_SWIFT = YES;
				INFOPLIST_FILE = Cake/Info.plist;
				LD_RUNPATH_SEARCH_PATHS = "$(inherited) @executable_path/Frameworks";
				PRODUCT_BUNDLE_IDENTIFIER = com.cakegifs.Cake;
				PRODUCT_NAME = "$(TARGET_NAME)";
			};
			name = Debug;
		};
		E6BA123D1C6FFA520075F98D /* Release */ = {
			isa = XCBuildConfiguration;
			buildSettings = {
				ASSETCATALOG_COMPILER_APPICON_NAME = AppIcon;
				CODE_SIGN_ENTITLEMENTS = Cake/Cake.entitlements;
				EMBEDDED_CONTENT_CONTAINS_SWIFT = YES;
				INFOPLIST_FILE = Cake/Info.plist;
				LD_RUNPATH_SEARCH_PATHS = "$(inherited) @executable_path/Frameworks";
				PRODUCT_BUNDLE_IDENTIFIER = com.cakegifs.Cake;
				PRODUCT_NAME = "$(TARGET_NAME)";
			};
			name = Release;
		};
		E6BA123F1C6FFA520075F98D /* Debug */ = {
			isa = XCBuildConfiguration;
			buildSettings = {
				BUNDLE_LOADER = "$(TEST_HOST)";
				INFOPLIST_FILE = CakeTests/Info.plist;
				LD_RUNPATH_SEARCH_PATHS = "$(inherited) @executable_path/Frameworks @loader_path/Frameworks";
				PRODUCT_BUNDLE_IDENTIFIER = com.cakegifs.CakeTests;
				PRODUCT_NAME = "$(TARGET_NAME)";
				TEST_HOST = "$(BUILT_PRODUCTS_DIR)/Cake.app/Cake";
			};
			name = Debug;
		};
		E6BA12401C6FFA520075F98D /* Release */ = {
			isa = XCBuildConfiguration;
			buildSettings = {
				BUNDLE_LOADER = "$(TEST_HOST)";
				INFOPLIST_FILE = CakeTests/Info.plist;
				LD_RUNPATH_SEARCH_PATHS = "$(inherited) @executable_path/Frameworks @loader_path/Frameworks";
				PRODUCT_BUNDLE_IDENTIFIER = com.cakegifs.CakeTests;
				PRODUCT_NAME = "$(TARGET_NAME)";
				TEST_HOST = "$(BUILT_PRODUCTS_DIR)/Cake.app/Cake";
			};
			name = Release;
		};
		E6BA12421C6FFA520075F98D /* Debug */ = {
			isa = XCBuildConfiguration;
			buildSettings = {
				INFOPLIST_FILE = CakeUITests/Info.plist;
				LD_RUNPATH_SEARCH_PATHS = "$(inherited) @executable_path/Frameworks @loader_path/Frameworks";
				PRODUCT_BUNDLE_IDENTIFIER = com.cakegifs.CakeUITests;
				PRODUCT_NAME = "$(TARGET_NAME)";
				TEST_TARGET_NAME = Cake;
				USES_XCTRUNNER = YES;
			};
			name = Debug;
		};
		E6BA12431C6FFA520075F98D /* Release */ = {
			isa = XCBuildConfiguration;
			buildSettings = {
				INFOPLIST_FILE = CakeUITests/Info.plist;
				LD_RUNPATH_SEARCH_PATHS = "$(inherited) @executable_path/Frameworks @loader_path/Frameworks";
				PRODUCT_BUNDLE_IDENTIFIER = com.cakegifs.CakeUITests;
				PRODUCT_NAME = "$(TARGET_NAME)";
				TEST_TARGET_NAME = Cake;
				USES_XCTRUNNER = YES;
			};
			name = Release;
		};
		E6BA12541C6FFD440075F98D /* Debug */ = {
			isa = XCBuildConfiguration;
			buildSettings = {
				INFOPLIST_FILE = CakeKeyboard/Info.plist;
				LD_RUNPATH_SEARCH_PATHS = "$(inherited) @executable_path/Frameworks @executable_path/../../Frameworks";
				PRODUCT_BUNDLE_IDENTIFIER = com.cakegifs.Cake.CakeKeyboard;
				PRODUCT_NAME = "$(TARGET_NAME)";
				SKIP_INSTALL = YES;
			};
			name = Debug;
		};
		E6BA12551C6FFD440075F98D /* Release */ = {
			isa = XCBuildConfiguration;
			buildSettings = {
				INFOPLIST_FILE = CakeKeyboard/Info.plist;
				LD_RUNPATH_SEARCH_PATHS = "$(inherited) @executable_path/Frameworks @executable_path/../../Frameworks";
				PRODUCT_BUNDLE_IDENTIFIER = com.cakegifs.Cake.CakeKeyboard;
				PRODUCT_NAME = "$(TARGET_NAME)";
				SKIP_INSTALL = YES;
			};
			name = Release;
		};
/* End XCBuildConfiguration section */

/* Begin XCConfigurationList section */
		E6BA120E1C6FFA520075F98D /* Build configuration list for PBXProject "Cake" */ = {
			isa = XCConfigurationList;
			buildConfigurations = (
				E6BA12391C6FFA520075F98D /* Debug */,
				E6BA123A1C6FFA520075F98D /* Release */,
			);
			defaultConfigurationIsVisible = 0;
			defaultConfigurationName = Release;
		};
		E6BA123B1C6FFA520075F98D /* Build configuration list for PBXNativeTarget "Cake" */ = {
			isa = XCConfigurationList;
			buildConfigurations = (
				E6BA123C1C6FFA520075F98D /* Debug */,
				E6BA123D1C6FFA520075F98D /* Release */,
			);
			defaultConfigurationIsVisible = 0;
		};
		E6BA123E1C6FFA520075F98D /* Build configuration list for PBXNativeTarget "CakeTests" */ = {
			isa = XCConfigurationList;
			buildConfigurations = (
				E6BA123F1C6FFA520075F98D /* Debug */,
				E6BA12401C6FFA520075F98D /* Release */,
			);
			defaultConfigurationIsVisible = 0;
		};
		E6BA12411C6FFA520075F98D /* Build configuration list for PBXNativeTarget "CakeUITests" */ = {
			isa = XCConfigurationList;
			buildConfigurations = (
				E6BA12421C6FFA520075F98D /* Debug */,
				E6BA12431C6FFA520075F98D /* Release */,
			);
			defaultConfigurationIsVisible = 0;
		};
		E6BA12531C6FFD440075F98D /* Build configuration list for PBXNativeTarget "CakeKeyboard" */ = {
			isa = XCConfigurationList;
			buildConfigurations = (
				E6BA12541C6FFD440075F98D /* Debug */,
				E6BA12551C6FFD440075F98D /* Release */,
			);
			defaultConfigurationIsVisible = 0;
		};
/* End XCConfigurationList section */
	};
	rootObject = E6BA120B1C6FFA520075F98D /* Project object */;
}
